
Microsoft Visual Studio Solution File, Format Version 12.00
# Visual Studio 2013
VisualStudioVersion = 12.0.30723.0
MinimumVisualStudioVersion = 10.0.40219.1
Project("{FAE04EC0-301F-11D3-BF4B-00C04F79EFBC}") = "Digital Marketing Web Forms", "Digital Marketing Web Forms\Digital Marketing Web Forms.csproj", "{ADAF7A74-BC2D-4D1C-BC6D-242518876186}"
EndProject
Global
	GlobalSection(SolutionConfigurationPlatforms) = preSolution
		Debug|Any CPU = Debug|Any CPU
		Release|Any CPU = Release|Any CPU
	EndGlobalSection
	GlobalSection(ProjectConfigurationPlatforms) = postSolution
		{ADAF7A74-BC2D-4D1C-BC6D-242518876186}.Debug|Any CPU.ActiveCfg = Debug|Any CPU
		{ADAF7A74-BC2D-4D1C-BC6D-242518876186}.Debug|Any CPU.Build.0 = Debug|Any CPU
		{ADAF7A74-BC2D-4D1C-BC6D-242518876186}.Release|Any CPU.ActiveCfg = Release|Any CPU
		{ADAF7A74-BC2D-4D1C-BC6D-242518876186}.Release|Any CPU.Build.0 = Release|Any CPU
	EndGlobalSection
	GlobalSection(SolutionProperties) = preSolution
		HideSolutionNode = FALSE
	EndGlobalSection
EndGlobal
